// !$*UTF8*$!
{
	archiveVersion = 1;
	classes = {
	};
	objectVersion = 50;
	objects = {

/* Begin PBXBuildFile section */
		2257EC5C2422232B00625011 /* main.cpp in Sources */ = {isa = PBXBuildFile; fileRef = 2257EC5B2422232B00625011 /* main.cpp */; };
		2257EC7324225A7900625011 /* bubbleSort.cpp in Sources */ = {isa = PBXBuildFile; fileRef = 2257EC7124225A7900625011 /* bubbleSort.cpp */; };
		2257EC79242268E200625011 /* utils.cpp in Sources */ = {isa = PBXBuildFile; fileRef = 2257EC78242268E200625011 /* utils.cpp */; };
		2257EC7F24226D8200625011 /* insertionSort.cpp in Sources */ = {isa = PBXBuildFile; fileRef = 2257EC7D24226D8200625011 /* insertionSort.cpp */; };
		2257EC832422711400625011 /* selectionSort.cpp in Sources */ = {isa = PBXBuildFile; fileRef = 2257EC812422711400625011 /* selectionSort.cpp */; };
		2257EC872422757900625011 /* heapSort.cpp in Sources */ = {isa = PBXBuildFile; fileRef = 2257EC852422757900625011 /* heapSort.cpp */; };
		2257EC9424237D2D00625011 /* mergeSort.cpp in Sources */ = {isa = PBXBuildFile; fileRef = 2257EC9224237D2D00625011 /* mergeSort.cpp */; };
		2257EC9824239B1100625011 /* quickSort.cpp in Sources */ = {isa = PBXBuildFile; fileRef = 2257EC9624239B1100625011 /* quickSort.cpp */; };
/* End PBXBuildFile section */

/* Begin PBXCopyFilesBuildPhase section */
		2257EC562422232B00625011 /* CopyFiles */ = {
			isa = PBXCopyFilesBuildPhase;
			buildActionMask = 2147483647;
			dstPath = /usr/share/man/man1/;
			dstSubfolderSpec = 0;
			files = (
			);
			runOnlyForDeploymentPostprocessing = 1;
		};
/* End PBXCopyFilesBuildPhase section */

/* Begin PBXFileReference section */
		2257EC582422232B00625011 /* algorithms */ = {isa = PBXFileReference; explicitFileType = "compiled.mach-o.executable"; includeInIndex = 0; path = algorithms; sourceTree = BUILT_PRODUCTS_DIR; };
		2257EC5B2422232B00625011 /* main.cpp */ = {isa = PBXFileReference; lastKnownFileType = sourcecode.cpp.cpp; path = main.cpp; sourceTree = "<group>"; };
		2257EC6824222B5000625011 /* BinHeap.hpp */ = {isa = PBXFileReference; lastKnownFileType = sourcecode.cpp.h; path = BinHeap.hpp; sourceTree = "<group>"; };
		2257EC6E242232F700625011 /* utils.hpp */ = {isa = PBXFileReference; lastKnownFileType = sourcecode.cpp.h; path = utils.hpp; sourceTree = "<group>"; };
		2257EC7124225A7900625011 /* bubbleSort.cpp */ = {isa = PBXFileReference; lastKnownFileType = sourcecode.cpp.cpp; path = bubbleSort.cpp; sourceTree = "<group>"; };
		2257EC7224225A7900625011 /* bubbleSort.hpp */ = {isa = PBXFileReference; lastKnownFileType = sourcecode.cpp.h; path = bubbleSort.hpp; sourceTree = "<group>"; };
		2257EC78242268E200625011 /* utils.cpp */ = {isa = PBXFileReference; lastKnownFileType = sourcecode.cpp.cpp; path = utils.cpp; sourceTree = "<group>"; };
		2257EC7A242269A800625011 /* main.hpp */ = {isa = PBXFileReference; lastKnownFileType = sourcecode.cpp.h; path = main.hpp; sourceTree = "<group>"; };
		2257EC7D24226D8200625011 /* insertionSort.cpp */ = {isa = PBXFileReference; lastKnownFileType = sourcecode.cpp.cpp; path = insertionSort.cpp; sourceTree = "<group>"; };
		2257EC7E24226D8200625011 /* insertionSort.hpp */ = {isa = PBXFileReference; lastKnownFileType = sourcecode.cpp.h; path = insertionSort.hpp; sourceTree = "<group>"; };
		2257EC812422711400625011 /* selectionSort.cpp */ = {isa = PBXFileReference; lastKnownFileType = sourcecode.cpp.cpp; path = selectionSort.cpp; sourceTree = "<group>"; };
		2257EC822422711400625011 /* selectionSort.hpp */ = {isa = PBXFileReference; lastKnownFileType = sourcecode.cpp.h; path = selectionSort.hpp; sourceTree = "<group>"; };
		2257EC852422757900625011 /* heapSort.cpp */ = {isa = PBXFileReference; lastKnownFileType = sourcecode.cpp.cpp; path = heapSort.cpp; sourceTree = "<group>"; };
		2257EC862422757900625011 /* heapSort.hpp */ = {isa = PBXFileReference; lastKnownFileType = sourcecode.cpp.h; path = heapSort.hpp; sourceTree = "<group>"; };
		2257EC8C24227E2900625011 /* AdjacencyList.hpp */ = {isa = PBXFileReference; lastKnownFileType = sourcecode.cpp.h; path = AdjacencyList.hpp; sourceTree = "<group>"; };
		2257EC8F242280A400625011 /* SimpleList.hpp */ = {isa = PBXFileReference; lastKnownFileType = sourcecode.cpp.h; path = SimpleList.hpp; sourceTree = "<group>"; };
		2257EC9224237D2D00625011 /* mergeSort.cpp */ = {isa = PBXFileReference; lastKnownFileType = sourcecode.cpp.cpp; path = mergeSort.cpp; sourceTree = "<group>"; };
		2257EC9324237D2D00625011 /* mergeSort.hpp */ = {isa = PBXFileReference; lastKnownFileType = sourcecode.cpp.h; path = mergeSort.hpp; sourceTree = "<group>"; };
		2257EC9624239B1100625011 /* quickSort.cpp */ = {isa = PBXFileReference; lastKnownFileType = sourcecode.cpp.cpp; path = quickSort.cpp; sourceTree = "<group>"; };
		2257EC9724239B1100625011 /* quickSort.hpp */ = {isa = PBXFileReference; lastKnownFileType = sourcecode.cpp.h; path = quickSort.hpp; sourceTree = "<group>"; };
		2257ECA02423BBE500625011 /* Stack.hpp */ = {isa = PBXFileReference; lastKnownFileType = sourcecode.cpp.h; path = Stack.hpp; sourceTree = "<group>"; };
/* End PBXFileReference section */

/* Begin PBXFrameworksBuildPhase section */
		2257EC552422232B00625011 /* Frameworks */ = {
			isa = PBXFrameworksBuildPhase;
			buildActionMask = 2147483647;
			files = (
			);
			runOnlyForDeploymentPostprocessing = 0;
		};
/* End PBXFrameworksBuildPhase section */

/* Begin PBXGroup section */
		2257EC4F2422232A00625011 = {
			isa = PBXGroup;
			children = (
				2257EC992423B3F100625011 /* selection */,
				2257EC6C2422313A00625011 /* shared */,
				2257EC7A242269A800625011 /* main.hpp */,
				2257EC5B2422232B00625011 /* main.cpp */,
				2257EC6A242230EC00625011 /* structures */,
				2257EC70242259AB00625011 /* sorting */,
				2257EC5A2422232B00625011 /* algorithms */,
				2257EC592422232B00625011 /* Products */,
			);
			sourceTree = "<group>";
		};
		2257EC592422232B00625011 /* Products */ = {
			isa = PBXGroup;
			children = (
				2257EC582422232B00625011 /* algorithms */,
			);
			name = Products;
			sourceTree = "<group>";
		};
		2257EC5A2422232B00625011 /* algorithms */ = {
			isa = PBXGroup;
			children = (
			);
			path = algorithms;
			sourceTree = "<group>";
		};
		2257EC6A242230EC00625011 /* structures */ = {
			isa = PBXGroup;
			children = (
				2257EC9E2423BBC700625011 /* Stack */,
				2257EC8E2422809200625011 /* List */,
				2257EC8A24227DFB00625011 /* AdjacencyList */,
				2257EC6B242230F300625011 /* BinHeap */,
			);
			path = structures;
			sourceTree = "<group>";
		};
		2257EC6B242230F300625011 /* BinHeap */ = {
			isa = PBXGroup;
			children = (
				2257EC6824222B5000625011 /* BinHeap.hpp */,
			);
			path = BinHeap;
			sourceTree = "<group>";
		};
		2257EC6C2422313A00625011 /* shared */ = {
			isa = PBXGroup;
			children = (
				2257EC6E242232F700625011 /* utils.hpp */,
				2257EC78242268E200625011 /* utils.cpp */,
			);
			path = shared;
			sourceTree = "<group>";
		};
		2257EC70242259AB00625011 /* sorting */ = {
			isa = PBXGroup;
			children = (
				2257EC9524239B0000625011 /* quickSort */,
				2257EC9124237D1700625011 /* mergeSort */,
				2257EC80242270FC00625011 /* selectionSort */,
				2257EC842422756300625011 /* heapSort */,
				2257EC7C24226D4700625011 /* insertionSort */,
				2257EC7B24226C5200625011 /* bubbleSort */,
			);
			path = sorting;
			sourceTree = "<group>";
		};
		2257EC7B24226C5200625011 /* bubbleSort */ = {
			isa = PBXGroup;
			children = (
				2257EC7224225A7900625011 /* bubbleSort.hpp */,
				2257EC7124225A7900625011 /* bubbleSort.cpp */,
			);
			path = bubbleSort;
			sourceTree = "<group>";
		};
		2257EC7C24226D4700625011 /* insertionSort */ = {
			isa = PBXGroup;
			children = (
				2257EC7D24226D8200625011 /* insertionSort.cpp */,
				2257EC7E24226D8200625011 /* insertionSort.hpp */,
			);
			path = insertionSort;
			sourceTree = "<group>";
		};
		2257EC80242270FC00625011 /* selectionSort */ = {
			isa = PBXGroup;
			children = (
				2257EC812422711400625011 /* selectionSort.cpp */,
				2257EC822422711400625011 /* selectionSort.hpp */,
			);
			path = selectionSort;
			sourceTree = "<group>";
		};
		2257EC842422756300625011 /* heapSort */ = {
			isa = PBXGroup;
			children = (
				2257EC852422757900625011 /* heapSort.cpp */,
				2257EC862422757900625011 /* heapSort.hpp */,
			);
			path = heapSort;
			sourceTree = "<group>";
		};
		2257EC8A24227DFB00625011 /* AdjacencyList */ = {
			isa = PBXGroup;
			children = (
				2257EC8C24227E2900625011 /* AdjacencyList.hpp */,
			);
			path = AdjacencyList;
			sourceTree = "<group>";
		};
		2257EC8E2422809200625011 /* List */ = {
			isa = PBXGroup;
			children = (
				2257EC8F242280A400625011 /* SimpleList.hpp */,
			);
			path = List;
			sourceTree = "<group>";
		};
		2257EC9124237D1700625011 /* mergeSort */ = {
			isa = PBXGroup;
			children = (
				2257EC9224237D2D00625011 /* mergeSort.cpp */,
				2257EC9324237D2D00625011 /* mergeSort.hpp */,
			);
			path = mergeSort;
			sourceTree = "<group>";
		};
		2257EC9524239B0000625011 /* quickSort */ = {
			isa = PBXGroup;
			children = (
				2257EC9624239B1100625011 /* quickSort.cpp */,
				2257EC9724239B1100625011 /* quickSort.hpp */,
			);
			path = quickSort;
			sourceTree = "<group>";
		};
		2257EC992423B3F100625011 /* selection */ = {
			isa = PBXGroup;
			children = (
			);
			path = selection;
			sourceTree = "<group>";
		};
		2257EC9E2423BBC700625011 /* Stack */ = {
			isa = PBXGroup;
			children = (
				2257ECA02423BBE500625011 /* Stack.hpp */,
			);
			path = Stack;
			sourceTree = "<group>";
		};
/* End PBXGroup section */

/* Begin PBXNativeTarget section */
		2257EC572422232B00625011 /* algorithms */ = {
			isa = PBXNativeTarget;
			buildConfigurationList = 2257EC5F2422232B00625011 /* Build configuration list for PBXNativeTarget "algorithms" */;
			buildPhases = (
				2257EC542422232B00625011 /* Sources */,
				2257EC552422232B00625011 /* Frameworks */,
				2257EC562422232B00625011 /* CopyFiles */,
			);
			buildRules = (
			);
			dependencies = (
			);
			name = algorithms;
			productName = algorithms;
			productReference = 2257EC582422232B00625011 /* algorithms */;
			productType = "com.apple.product-type.tool";
		};
/* End PBXNativeTarget section */

/* Begin PBXProject section */
		2257EC502422232A00625011 /* Project object */ = {
			isa = PBXProject;
			attributes = {
				LastUpgradeCheck = 1000;
				ORGANIZATIONNAME = tim;
				TargetAttributes = {
					2257EC572422232B00625011 = {
						CreatedOnToolsVersion = 10.0;
					};
				};
			};
			buildConfigurationList = 2257EC532422232A00625011 /* Build configuration list for PBXProject "algorithms" */;
			compatibilityVersion = "Xcode 9.3";
			developmentRegion = en;
			hasScannedForEncodings = 0;
			knownRegions = (
				en,
			);
			mainGroup = 2257EC4F2422232A00625011;
			productRefGroup = 2257EC592422232B00625011 /* Products */;
			projectDirPath = "";
			projectRoot = "";
			targets = (
				2257EC572422232B00625011 /* algorithms */,
			);
		};
/* End PBXProject section */

/* Begin PBXSourcesBuildPhase section */
		2257EC542422232B00625011 /* Sources */ = {
			isa = PBXSourcesBuildPhase;
			buildActionMask = 2147483647;
			files = (
				2257EC79242268E200625011 /* utils.cpp in Sources */,
				2257EC7F24226D8200625011 /* insertionSort.cpp in Sources */,
				2257EC5C2422232B00625011 /* main.cpp in Sources */,
				2257EC9824239B1100625011 /* quickSort.cpp in Sources */,
				2257EC9424237D2D00625011 /* mergeSort.cpp in Sources */,
				2257EC7324225A7900625011 /* bubbleSort.cpp in Sources */,
				2257EC832422711400625011 /* selectionSort.cpp in Sources */,
				2257EC872422757900625011 /* heapSort.cpp in Sources */,
			);
			runOnlyForDeploymentPostprocessing = 0;
		};
/* End PBXSourcesBuildPhase section */

/* Begin XCBuildConfiguration section */
		2257EC5D2422232B00625011 /* Debug */ = {
			isa = XCBuildConfiguration;
			buildSettings = {
				ALWAYS_SEARCH_USER_PATHS = NO;
				CLANG_ANALYZER_NONNULL = YES;
				CLANG_ANALYZER_NUMBER_OBJECT_CONVERSION = YES_AGGRESSIVE;
				CLANG_CXX_LANGUAGE_STANDARD = "gnu++14";
				CLANG_CXX_LIBRARY = "libc++";
				CLANG_ENABLE_MODULES = YES;
				CLANG_ENABLE_OBJC_ARC = YES;
				CLANG_ENABLE_OBJC_WEAK = YES;
				CLANG_WARN_BLOCK_CAPTURE_AUTORELEASING = YES;
				CLANG_WARN_BOOL_CONVERSION = YES;
				CLANG_WARN_COMMA = YES;
				CLANG_WARN_CONSTANT_CONVERSION = YES;
				CLANG_WARN_DEPRECATED_OBJC_IMPLEMENTATIONS = YES;
				CLANG_WARN_DIRECT_OBJC_ISA_USAGE = YES_ERROR;
				CLANG_WARN_DOCUMENTATION_COMMENTS = YES;
				CLANG_WARN_EMPTY_BODY = YES;
				CLANG_WARN_ENUM_CONVERSION = YES;
				CLANG_WARN_INFINITE_RECURSION = YES;
				CLANG_WARN_INT_CONVERSION = YES;
				CLANG_WARN_NON_LITERAL_NULL_CONVERSION = YES;
				CLANG_WARN_OBJC_IMPLICIT_RETAIN_SELF = YES;
				CLANG_WARN_OBJC_LITERAL_CONVERSION = YES;
				CLANG_WARN_OBJC_ROOT_CLASS = YES_ERROR;
				CLANG_WARN_RANGE_LOOP_ANALYSIS = YES;
				CLANG_WARN_STRICT_PROTOTYPES = YES;
				CLANG_WARN_SUSPICIOUS_MOVE = YES;
				CLANG_WARN_UNGUARDED_AVAILABILITY = YES_AGGRESSIVE;
				CLANG_WARN_UNREACHABLE_CODE = YES;
				CLANG_WARN__DUPLICATE_METHOD_MATCH = YES;
				CODE_SIGN_IDENTITY = "Mac Developer";
				COPY_PHASE_STRIP = NO;
				DEBUG_INFORMATION_FORMAT = dwarf;
				ENABLE_STRICT_OBJC_MSGSEND = YES;
				ENABLE_TESTABILITY = YES;
				GCC_C_LANGUAGE_STANDARD = gnu11;
				GCC_DYNAMIC_NO_PIC = NO;
				GCC_NO_COMMON_BLOCKS = YES;
				GCC_OPTIMIZATION_LEVEL = 0;
				GCC_PREPROCESSOR_DEFINITIONS = (
					"DEBUG=1",
					"$(inherited)",
				);
				GCC_WARN_64_TO_32_BIT_CONVERSION = YES;
				GCC_WARN_ABOUT_RETURN_TYPE = YES_ERROR;
				GCC_WARN_UNDECLARED_SELECTOR = YES;
				GCC_WARN_UNINITIALIZED_AUTOS = YES_AGGRESSIVE;
				GCC_WARN_UNUSED_FUNCTION = YES;
				GCC_WARN_UNUSED_VARIABLE = YES;
				MACOSX_DEPLOYMENT_TARGET = 10.15;
				MTL_ENABLE_DEBUG_INFO = INCLUDE_SOURCE;
				MTL_FAST_MATH = YES;
				ONLY_ACTIVE_ARCH = YES;
				SDKROOT = macosx;
			};
			name = Debug;
		};
		2257EC5E2422232B00625011 /* Release */ = {
			isa = XCBuildConfiguration;
			buildSettings = {
				ALWAYS_SEARCH_USER_PATHS = NO;
				CLANG_ANALYZER_NONNULL = YES;
				CLANG_ANALYZER_NUMBER_OBJECT_CONVERSION = YES_AGGRESSIVE;
				CLANG_CXX_LANGUAGE_STANDARD = "gnu++14";
				CLANG_CXX_LIBRARY = "libc++";
				CLANG_ENABLE_MODULES = YES;
				CLANG_ENABLE_OBJC_ARC = YES;
				CLANG_ENABLE_OBJC_WEAK = YES;
				CLANG_WARN_BLOCK_CAPTURE_AUTORELEASING = YES;
				CLANG_WARN_BOOL_CONVERSION = YES;
				CLANG_WARN_COMMA = YES;
				CLANG_WARN_CONSTANT_CONVERSION = YES;
				CLANG_WARN_DEPRECATED_OBJC_IMPLEMENTATIONS = YES;
				CLANG_WARN_DIRECT_OBJC_ISA_USAGE = YES_ERROR;
				CLANG_WARN_DOCUMENTATION_COMMENTS = YES;
				CLANG_WARN_EMPTY_BODY = YES;
				CLANG_WARN_ENUM_CONVERSION = YES;
				CLANG_WARN_INFINITE_RECURSION = YES;
				CLANG_WARN_INT_CONVERSION = YES;
				CLANG_WARN_NON_LITERAL_NULL_CONVERSION = YES;
				CLANG_WARN_OBJC_IMPLICIT_RETAIN_SELF = YES;
				CLANG_WARN_OBJC_LITERAL_CONVERSION = YES;
				CLANG_WARN_OBJC_ROOT_CLASS = YES_ERROR;
				CLANG_WARN_RANGE_LOOP_ANALYSIS = YES;
				CLANG_WARN_STRICT_PROTOTYPES = YES;
				CLANG_WARN_SUSPICIOUS_MOVE = YES;
				CLANG_WARN_UNGUARDED_AVAILABILITY = YES_AGGRESSIVE;
				CLANG_WARN_UNREACHABLE_CODE = YES;
				CLANG_WARN__DUPLICATE_METHOD_MATCH = YES;
				CODE_SIGN_IDENTITY = "Mac Developer";
				COPY_PHASE_STRIP = NO;
				DEBUG_INFORMATION_FORMAT = "dwarf-with-dsym";
				ENABLE_NS_ASSERTIONS = NO;
				ENABLE_STRICT_OBJC_MSGSEND = YES;
				GCC_C_LANGUAGE_STANDARD = gnu11;
				GCC_NO_COMMON_BLOCKS = YES;
				GCC_WARN_64_TO_32_BIT_CONVERSION = YES;
				GCC_WARN_ABOUT_RETURN_TYPE = YES_ERROR;
				GCC_WARN_UNDECLARED_SELECTOR = YES;
				GCC_WARN_UNINITIALIZED_AUTOS = YES_AGGRESSIVE;
				GCC_WARN_UNUSED_FUNCTION = YES;
				GCC_WARN_UNUSED_VARIABLE = YES;
				MACOSX_DEPLOYMENT_TARGET = 10.15;
				MTL_ENABLE_DEBUG_INFO = NO;
				MTL_FAST_MATH = YES;
				SDKROOT = macosx;
			};
			name = Release;
		};
		2257EC602422232B00625011 /* Debug */ = {
			isa = XCBuildConfiguration;
			buildSettings = {
				CODE_SIGN_STYLE = Automatic;
				DEVELOPMENT_TEAM = TGH8QY4ZZN;
				PRODUCT_NAME = "$(TARGET_NAME)";
			};
			name = Debug;
		};
		2257EC612422232B00625011 /* Release */ = {
			isa = XCBuildConfiguration;
			buildSettings = {
				CODE_SIGN_STYLE = Automatic;
				DEVELOPMENT_TEAM = TGH8QY4ZZN;
				PRODUCT_NAME = "$(TARGET_NAME)";
			};
			name = Release;
		};
/* End XCBuildConfiguration section */

/* Begin XCConfigurationList section */
		2257EC532422232A00625011 /* Build configuration list for PBXProject "algorithms" */ = {
			isa = XCConfigurationList;
			buildConfigurations = (
				2257EC5D2422232B00625011 /* Debug */,
				2257EC5E2422232B00625011 /* Release */,
			);
			defaultConfigurationIsVisible = 0;
			defaultConfigurationName = Release;
		};
		2257EC5F2422232B00625011 /* Build configuration list for PBXNativeTarget "algorithms" */ = {
			isa = XCConfigurationList;
			buildConfigurations = (
				2257EC602422232B00625011 /* Debug */,
				2257EC612422232B00625011 /* Release */,
			);
			defaultConfigurationIsVisible = 0;
			defaultConfigurationName = Release;
		};
/* End XCConfigurationList section */
	};
	rootObject = 2257EC502422232A00625011 /* Project object */;
}
